// !$*UTF8*$!
{
	archiveVersion = 1;
	classes = {
	};
	objectVersion = 56;
	objects = {

/* Begin PBXBuildFile section */
		83E117E32A30EA0500A609F7 /* AppDelegate.swift in Sources */ = {isa = PBXBuildFile; fileRef = 83E117E22A30EA0500A609F7 /* AppDelegate.swift */; };
		83E117E52A30EA0500A609F7 /* SceneDelegate.swift in Sources */ = {isa = PBXBuildFile; fileRef = 83E117E42A30EA0500A609F7 /* SceneDelegate.swift */; };
		83E117EA2A30EA0500A609F7 /* Main.storyboard in Resources */ = {isa = PBXBuildFile; fileRef = 83E117E82A30EA0500A609F7 /* Main.storyboard */; };
		83E117ED2A30EA0500A609F7 /* Planets.xcdatamodeld in Sources */ = {isa = PBXBuildFile; fileRef = 83E117EB2A30EA0500A609F7 /* Planets.xcdatamodeld */; };
		83E117EF2A30EA0800A609F7 /* Assets.xcassets in Resources */ = {isa = PBXBuildFile; fileRef = 83E117EE2A30EA0800A609F7 /* Assets.xcassets */; };
		83E117F22A30EA0800A609F7 /* LaunchScreen.storyboard in Resources */ = {isa = PBXBuildFile; fileRef = 83E117F02A30EA0800A609F7 /* LaunchScreen.storyboard */; };
		83E117FD2A30EA0900A609F7 /* PlanetsTests.swift in Sources */ = {isa = PBXBuildFile; fileRef = 83E117FC2A30EA0900A609F7 /* PlanetsTests.swift */; };
		83E118072A30EA0900A609F7 /* PlanetsUITests.swift in Sources */ = {isa = PBXBuildFile; fileRef = 83E118062A30EA0900A609F7 /* PlanetsUITests.swift */; };
		83E118092A30EA0900A609F7 /* PlanetsUITestsLaunchTests.swift in Sources */ = {isa = PBXBuildFile; fileRef = 83E118082A30EA0900A609F7 /* PlanetsUITestsLaunchTests.swift */; };
		83E1182C2A31A37200A609F7 /* PlanetRepository.swift in Sources */ = {isa = PBXBuildFile; fileRef = 83E1182B2A31A37200A609F7 /* PlanetRepository.swift */; };
		83E1182F2A31B06500A609F7 /* PlanetViewModel.swift in Sources */ = {isa = PBXBuildFile; fileRef = 83E1182E2A31B06500A609F7 /* PlanetViewModel.swift */; };
		83E118482A31BE5A00A609F7 /* PlanetResponse.swift in Sources */ = {isa = PBXBuildFile; fileRef = 83E118472A31BE5A00A609F7 /* PlanetResponse.swift */; };
		83E118522A3223E700A609F7 /* CDPlanet+CoreDataClass.swift in Sources */ = {isa = PBXBuildFile; fileRef = 83E118502A3223E700A609F7 /* CDPlanet+CoreDataClass.swift */; };
		83E118532A3223E700A609F7 /* CDPlanet+CoreDataProperties.swift in Sources */ = {isa = PBXBuildFile; fileRef = 83E118512A3223E700A609F7 /* CDPlanet+CoreDataProperties.swift */; };
		83E118562A32254F00A609F7 /* CommonConstants.swift in Sources */ = {isa = PBXBuildFile; fileRef = 83E118552A32254F00A609F7 /* CommonConstants.swift */; };
		83E118592A32261B00A609F7 /* CDPlanetExtension.swift in Sources */ = {isa = PBXBuildFile; fileRef = 83E118582A32261B00A609F7 /* CDPlanetExtension.swift */; };
		83E1185B2A3226FC00A609F7 /* PlanetDataRepository.swift in Sources */ = {isa = PBXBuildFile; fileRef = 83E1185A2A3226FC00A609F7 /* PlanetDataRepository.swift */; };
		83E1185D2A32271B00A609F7 /* PersistentStorage.swift in Sources */ = {isa = PBXBuildFile; fileRef = 83E1185C2A32271B00A609F7 /* PersistentStorage.swift */; };
		83E118602A3228BD00A609F7 /* PlanetApiRepository.swift in Sources */ = {isa = PBXBuildFile; fileRef = 83E1185F2A3228BD00A609F7 /* PlanetApiRepository.swift */; };
		83E118672A322A9D00A609F7 /* PlanetViewCell.swift in Sources */ = {isa = PBXBuildFile; fileRef = 83E118642A322A9D00A609F7 /* PlanetViewCell.swift */; };
		83E1186A2A322B5000A609F7 /* PlanetsViewControllerExtension.swift in Sources */ = {isa = PBXBuildFile; fileRef = 83E118692A322B5000A609F7 /* PlanetsViewControllerExtension.swift */; };
		83E1186E2A322BB400A609F7 /* PlanetsViewController.swift in Sources */ = {isa = PBXBuildFile; fileRef = 83E1186D2A322BB400A609F7 /* PlanetsViewController.swift */; };
/* End PBXBuildFile section */

/* Begin PBXContainerItemProxy section */
		83E117F92A30EA0900A609F7 /* PBXContainerItemProxy */ = {
			isa = PBXContainerItemProxy;
			containerPortal = 83E117D72A30EA0500A609F7 /* Project object */;
			proxyType = 1;
			remoteGlobalIDString = 83E117DE2A30EA0500A609F7;
			remoteInfo = Planets;
		};
		83E118032A30EA0900A609F7 /* PBXContainerItemProxy */ = {
			isa = PBXContainerItemProxy;
			containerPortal = 83E117D72A30EA0500A609F7 /* Project object */;
			proxyType = 1;
			remoteGlobalIDString = 83E117DE2A30EA0500A609F7;
			remoteInfo = Planets;
		};
/* End PBXContainerItemProxy section */

/* Begin PBXFileReference section */
		83E117DF2A30EA0500A609F7 /* Planets.app */ = {isa = PBXFileReference; explicitFileType = wrapper.application; includeInIndex = 0; path = Planets.app; sourceTree = BUILT_PRODUCTS_DIR; };
		83E117E22A30EA0500A609F7 /* AppDelegate.swift */ = {isa = PBXFileReference; lastKnownFileType = sourcecode.swift; path = AppDelegate.swift; sourceTree = "<group>"; };
		83E117E42A30EA0500A609F7 /* SceneDelegate.swift */ = {isa = PBXFileReference; lastKnownFileType = sourcecode.swift; path = SceneDelegate.swift; sourceTree = "<group>"; };
		83E117E92A30EA0500A609F7 /* Base */ = {isa = PBXFileReference; lastKnownFileType = file.storyboard; name = Base; path = Base.lproj/Main.storyboard; sourceTree = "<group>"; };
		83E117EC2A30EA0500A609F7 /* Planets.xcdatamodel */ = {isa = PBXFileReference; lastKnownFileType = wrapper.xcdatamodel; path = Planets.xcdatamodel; sourceTree = "<group>"; };
		83E117EE2A30EA0800A609F7 /* Assets.xcassets */ = {isa = PBXFileReference; lastKnownFileType = folder.assetcatalog; path = Assets.xcassets; sourceTree = "<group>"; };
		83E117F12A30EA0800A609F7 /* Base */ = {isa = PBXFileReference; lastKnownFileType = file.storyboard; name = Base; path = Base.lproj/LaunchScreen.storyboard; sourceTree = "<group>"; };
		83E117F32A30EA0900A609F7 /* Info.plist */ = {isa = PBXFileReference; lastKnownFileType = text.plist.xml; path = Info.plist; sourceTree = "<group>"; };
		83E117F82A30EA0900A609F7 /* PlanetsTests.xctest */ = {isa = PBXFileReference; explicitFileType = wrapper.cfbundle; includeInIndex = 0; path = PlanetsTests.xctest; sourceTree = BUILT_PRODUCTS_DIR; };
		83E117FC2A30EA0900A609F7 /* PlanetsTests.swift */ = {isa = PBXFileReference; lastKnownFileType = sourcecode.swift; path = PlanetsTests.swift; sourceTree = "<group>"; };
		83E118022A30EA0900A609F7 /* PlanetsUITests.xctest */ = {isa = PBXFileReference; explicitFileType = wrapper.cfbundle; includeInIndex = 0; path = PlanetsUITests.xctest; sourceTree = BUILT_PRODUCTS_DIR; };
		83E118062A30EA0900A609F7 /* PlanetsUITests.swift */ = {isa = PBXFileReference; lastKnownFileType = sourcecode.swift; path = PlanetsUITests.swift; sourceTree = "<group>"; };
		83E118082A30EA0900A609F7 /* PlanetsUITestsLaunchTests.swift */ = {isa = PBXFileReference; lastKnownFileType = sourcecode.swift; path = PlanetsUITestsLaunchTests.swift; sourceTree = "<group>"; };
		83E1182B2A31A37200A609F7 /* PlanetRepository.swift */ = {isa = PBXFileReference; lastKnownFileType = sourcecode.swift; path = PlanetRepository.swift; sourceTree = "<group>"; };
		83E1182E2A31B06500A609F7 /* PlanetViewModel.swift */ = {isa = PBXFileReference; lastKnownFileType = sourcecode.swift; path = PlanetViewModel.swift; sourceTree = "<group>"; };
		83E118472A31BE5A00A609F7 /* PlanetResponse.swift */ = {isa = PBXFileReference; fileEncoding = 4; lastKnownFileType = sourcecode.swift; path = PlanetResponse.swift; sourceTree = "<group>"; };
		83E118502A3223E700A609F7 /* CDPlanet+CoreDataClass.swift */ = {isa = PBXFileReference; lastKnownFileType = sourcecode.swift; path = "CDPlanet+CoreDataClass.swift"; sourceTree = SOURCE_ROOT; };
		83E118512A3223E700A609F7 /* CDPlanet+CoreDataProperties.swift */ = {isa = PBXFileReference; lastKnownFileType = sourcecode.swift; path = "CDPlanet+CoreDataProperties.swift"; sourceTree = SOURCE_ROOT; };
		83E118552A32254F00A609F7 /* CommonConstants.swift */ = {isa = PBXFileReference; lastKnownFileType = sourcecode.swift; path = CommonConstants.swift; sourceTree = "<group>"; };
		83E118582A32261B00A609F7 /* CDPlanetExtension.swift */ = {isa = PBXFileReference; lastKnownFileType = sourcecode.swift; path = CDPlanetExtension.swift; sourceTree = "<group>"; };
		83E1185A2A3226FC00A609F7 /* PlanetDataRepository.swift */ = {isa = PBXFileReference; lastKnownFileType = sourcecode.swift; path = PlanetDataRepository.swift; sourceTree = "<group>"; };
		83E1185C2A32271B00A609F7 /* PersistentStorage.swift */ = {isa = PBXFileReference; lastKnownFileType = sourcecode.swift; path = PersistentStorage.swift; sourceTree = "<group>"; };
		83E1185F2A3228BD00A609F7 /* PlanetApiRepository.swift */ = {isa = PBXFileReference; lastKnownFileType = sourcecode.swift; path = PlanetApiRepository.swift; sourceTree = "<group>"; };
		83E118642A322A9D00A609F7 /* PlanetViewCell.swift */ = {isa = PBXFileReference; fileEncoding = 4; lastKnownFileType = sourcecode.swift; path = PlanetViewCell.swift; sourceTree = "<group>"; };
		83E118692A322B5000A609F7 /* PlanetsViewControllerExtension.swift */ = {isa = PBXFileReference; lastKnownFileType = sourcecode.swift; path = PlanetsViewControllerExtension.swift; sourceTree = "<group>"; };
		83E1186D2A322BB400A609F7 /* PlanetsViewController.swift */ = {isa = PBXFileReference; lastKnownFileType = sourcecode.swift; path = PlanetsViewController.swift; sourceTree = "<group>"; };
/* End PBXFileReference section */

/* Begin PBXFrameworksBuildPhase section */
		83E117DC2A30EA0500A609F7 /* Frameworks */ = {
			isa = PBXFrameworksBuildPhase;
			buildActionMask = 2147483647;
			files = (
			);
			runOnlyForDeploymentPostprocessing = 0;
		};
		83E117F52A30EA0900A609F7 /* Frameworks */ = {
			isa = PBXFrameworksBuildPhase;
			buildActionMask = 2147483647;
			files = (
			);
			runOnlyForDeploymentPostprocessing = 0;
		};
		83E117FF2A30EA0900A609F7 /* Frameworks */ = {
			isa = PBXFrameworksBuildPhase;
			buildActionMask = 2147483647;
			files = (
			);
			runOnlyForDeploymentPostprocessing = 0;
		};
/* End PBXFrameworksBuildPhase section */

/* Begin PBXGroup section */
		83E117D62A30EA0500A609F7 = {
			isa = PBXGroup;
			children = (
				83E117E12A30EA0500A609F7 /* Planets */,
				83E117FB2A30EA0900A609F7 /* PlanetsTests */,
				83E118052A30EA0900A609F7 /* PlanetsUITests */,
				83E117E02A30EA0500A609F7 /* Products */,
			);
			sourceTree = "<group>";
		};
		83E117E02A30EA0500A609F7 /* Products */ = {
			isa = PBXGroup;
			children = (
				83E117DF2A30EA0500A609F7 /* Planets.app */,
				83E117F82A30EA0900A609F7 /* PlanetsTests.xctest */,
				83E118022A30EA0900A609F7 /* PlanetsUITests.xctest */,
			);
			name = Products;
			sourceTree = "<group>";
		};
		83E117E12A30EA0500A609F7 /* Planets */ = {
			isa = PBXGroup;
			children = (
				83E118542A32252C00A609F7 /* Constants */,
				83E118192A30EB2A00A609F7 /* Models */,
				83E1182D2A31B02E00A609F7 /* ViewModel */,
				83E118152A30EA5300A609F7 /* Application */,
				83E118172A30EADD00A609F7 /* Resource */,
				83E118162A30EA9E00A609F7 /* Storyboard */,
				83E118492A321DF000A609F7 /* Controllers */,
				83E117EE2A30EA0800A609F7 /* Assets.xcassets */,
				83E117F32A30EA0900A609F7 /* Info.plist */,
				83E117EB2A30EA0500A609F7 /* Planets.xcdatamodeld */,
			);
			path = Planets;
			sourceTree = "<group>";
		};
		83E117FB2A30EA0900A609F7 /* PlanetsTests */ = {
			isa = PBXGroup;
			children = (
				83E117FC2A30EA0900A609F7 /* PlanetsTests.swift */,
			);
			path = PlanetsTests;
			sourceTree = "<group>";
		};
		83E118052A30EA0900A609F7 /* PlanetsUITests */ = {
			isa = PBXGroup;
			children = (
				83E118062A30EA0900A609F7 /* PlanetsUITests.swift */,
				83E118082A30EA0900A609F7 /* PlanetsUITestsLaunchTests.swift */,
			);
			path = PlanetsUITests;
			sourceTree = "<group>";
		};
		83E118152A30EA5300A609F7 /* Application */ = {
			isa = PBXGroup;
			children = (
				83E117E22A30EA0500A609F7 /* AppDelegate.swift */,
				83E117E42A30EA0500A609F7 /* SceneDelegate.swift */,
			);
			path = Application;
			sourceTree = "<group>";
		};
		83E118162A30EA9E00A609F7 /* Storyboard */ = {
			isa = PBXGroup;
			children = (
				83E117E82A30EA0500A609F7 /* Main.storyboard */,
				83E117F02A30EA0800A609F7 /* LaunchScreen.storyboard */,
			);
			path = Storyboard;
			sourceTree = "<group>";
		};
		83E118172A30EADD00A609F7 /* Resource */ = {
			isa = PBXGroup;
			children = (
				83E118572A32259600A609F7 /* Repository */,
				83E1183D2A31B46700A609F7 /* CoreDataResource */,
				83E1185E2A32288A00A609F7 /* ApiResource */,
			);
			path = Resource;
			sourceTree = "<group>";
		};
		83E118192A30EB2A00A609F7 /* Models */ = {
			isa = PBXGroup;
			children = (
				83E118292A31A25D00A609F7 /* API Models */,
				83E1182A2A31A26900A609F7 /* CoredataModels */,
			);
			path = Models;
			sourceTree = "<group>";
		};
		83E118292A31A25D00A609F7 /* API Models */ = {
			isa = PBXGroup;
			children = (
				83E118462A31BE5A00A609F7 /* Response */,
			);
			path = "API Models";
			sourceTree = "<group>";
		};
		83E1182A2A31A26900A609F7 /* CoredataModels */ = {
			isa = PBXGroup;
			children = (
				83E118502A3223E700A609F7 /* CDPlanet+CoreDataClass.swift */,
				83E118512A3223E700A609F7 /* CDPlanet+CoreDataProperties.swift */,
			);
			path = CoredataModels;
			sourceTree = "<group>";
		};
		83E1182D2A31B02E00A609F7 /* ViewModel */ = {
			isa = PBXGroup;
			children = (
				83E1182E2A31B06500A609F7 /* PlanetViewModel.swift */,
			);
			path = ViewModel;
			sourceTree = "<group>";
		};
		83E1183D2A31B46700A609F7 /* CoreDataResource */ = {
			isa = PBXGroup;
			children = (
				83E1183F2A31B46700A609F7 /* ManagedObjectExtension */,
				83E1185A2A3226FC00A609F7 /* PlanetDataRepository.swift */,
				83E1185C2A32271B00A609F7 /* PersistentStorage.swift */,
			);
			path = CoreDataResource;
			sourceTree = "<group>";
		};
		83E1183F2A31B46700A609F7 /* ManagedObjectExtension */ = {
			isa = PBXGroup;
			children = (
				83E118582A32261B00A609F7 /* CDPlanetExtension.swift */,
			);
			path = ManagedObjectExtension;
			sourceTree = "<group>";
		};
		83E118462A31BE5A00A609F7 /* Response */ = {
			isa = PBXGroup;
			children = (
				83E118472A31BE5A00A609F7 /* PlanetResponse.swift */,
			);
			path = Response;
			sourceTree = "<group>";
		};
		83E118492A321DF000A609F7 /* Controllers */ = {
			isa = PBXGroup;
			children = (
				83E118612A322A9D00A609F7 /* ControllerExtensions */,
				83E1186D2A322BB400A609F7 /* PlanetsViewController.swift */,
				83E118632A322A9D00A609F7 /* TableViewCells */,
			);
			path = Controllers;
			sourceTree = "<group>";
		};
		83E118542A32252C00A609F7 /* Constants */ = {
			isa = PBXGroup;
			children = (
				83E118552A32254F00A609F7 /* CommonConstants.swift */,
			);
			path = Constants;
			sourceTree = "<group>";
		};
		83E118572A32259600A609F7 /* Repository */ = {
			isa = PBXGroup;
			children = (
				83E1182B2A31A37200A609F7 /* PlanetRepository.swift */,
			);
			path = Repository;
			sourceTree = "<group>";
		};
		83E1185E2A32288A00A609F7 /* ApiResource */ = {
			isa = PBXGroup;
			children = (
				83E1185F2A3228BD00A609F7 /* PlanetApiRepository.swift */,
			);
			path = ApiResource;
			sourceTree = "<group>";
		};
		83E118612A322A9D00A609F7 /* ControllerExtensions */ = {
			isa = PBXGroup;
			children = (
				83E118692A322B5000A609F7 /* PlanetsViewControllerExtension.swift */,
			);
			path = ControllerExtensions;
			sourceTree = "<group>";
		};
		83E118632A322A9D00A609F7 /* TableViewCells */ = {
			isa = PBXGroup;
			children = (
				83E118642A322A9D00A609F7 /* PlanetViewCell.swift */,
			);
			path = TableViewCells;
			sourceTree = "<group>";
		};
/* End PBXGroup section */

/* Begin PBXNativeTarget section */
		83E117DE2A30EA0500A609F7 /* Planets */ = {
			isa = PBXNativeTarget;
			buildConfigurationList = 83E1180C2A30EA0900A609F7 /* Build configuration list for PBXNativeTarget "Planets" */;
			buildPhases = (
				83E117DB2A30EA0500A609F7 /* Sources */,
				83E117DC2A30EA0500A609F7 /* Frameworks */,
				83E117DD2A30EA0500A609F7 /* Resources */,
			);
			buildRules = (
			);
			dependencies = (
			);
			name = Planets;
			productName = Planets;
			productReference = 83E117DF2A30EA0500A609F7 /* Planets.app */;
			productType = "com.apple.product-type.application";
		};
		83E117F72A30EA0900A609F7 /* PlanetsTests */ = {
			isa = PBXNativeTarget;
			buildConfigurationList = 83E1180F2A30EA0900A609F7 /* Build configuration list for PBXNativeTarget "PlanetsTests" */;
			buildPhases = (
				83E117F42A30EA0900A609F7 /* Sources */,
				83E117F52A30EA0900A609F7 /* Frameworks */,
				83E117F62A30EA0900A609F7 /* Resources */,
			);
			buildRules = (
			);
			dependencies = (
				83E117FA2A30EA0900A609F7 /* PBXTargetDependency */,
			);
			name = PlanetsTests;
			productName = PlanetsTests;
			productReference = 83E117F82A30EA0900A609F7 /* PlanetsTests.xctest */;
			productType = "com.apple.product-type.bundle.unit-test";
		};
		83E118012A30EA0900A609F7 /* PlanetsUITests */ = {
			isa = PBXNativeTarget;
			buildConfigurationList = 83E118122A30EA0900A609F7 /* Build configuration list for PBXNativeTarget "PlanetsUITests" */;
			buildPhases = (
				83E117FE2A30EA0900A609F7 /* Sources */,
				83E117FF2A30EA0900A609F7 /* Frameworks */,
				83E118002A30EA0900A609F7 /* Resources */,
			);
			buildRules = (
			);
			dependencies = (
				83E118042A30EA0900A609F7 /* PBXTargetDependency */,
			);
			name = PlanetsUITests;
			productName = PlanetsUITests;
			productReference = 83E118022A30EA0900A609F7 /* PlanetsUITests.xctest */;
			productType = "com.apple.product-type.bundle.ui-testing";
		};
/* End PBXNativeTarget section */

/* Begin PBXProject section */
		83E117D72A30EA0500A609F7 /* Project object */ = {
			isa = PBXProject;
			attributes = {
				BuildIndependentTargetsInParallel = 1;
				LastSwiftUpdateCheck = 1430;
				LastUpgradeCheck = 1430;
				TargetAttributes = {
					83E117DE2A30EA0500A609F7 = {
						CreatedOnToolsVersion = 14.3.1;
					};
					83E117F72A30EA0900A609F7 = {
						CreatedOnToolsVersion = 14.3.1;
						TestTargetID = 83E117DE2A30EA0500A609F7;
					};
					83E118012A30EA0900A609F7 = {
						CreatedOnToolsVersion = 14.3.1;
						TestTargetID = 83E117DE2A30EA0500A609F7;
					};
				};
			};
			buildConfigurationList = 83E117DA2A30EA0500A609F7 /* Build configuration list for PBXProject "Planets" */;
			compatibilityVersion = "Xcode 14.0";
			developmentRegion = en;
			hasScannedForEncodings = 0;
			knownRegions = (
				en,
				Base,
			);
			mainGroup = 83E117D62A30EA0500A609F7;
			productRefGroup = 83E117E02A30EA0500A609F7 /* Products */;
			projectDirPath = "";
			projectRoot = "";
			targets = (
				83E117DE2A30EA0500A609F7 /* Planets */,
				83E117F72A30EA0900A609F7 /* PlanetsTests */,
				83E118012A30EA0900A609F7 /* PlanetsUITests */,
			);
		};
/* End PBXProject section */

/* Begin PBXResourcesBuildPhase section */
		83E117DD2A30EA0500A609F7 /* Resources */ = {
			isa = PBXResourcesBuildPhase;
			buildActionMask = 2147483647;
			files = (
				83E117F22A30EA0800A609F7 /* LaunchScreen.storyboard in Resources */,
				83E117EF2A30EA0800A609F7 /* Assets.xcassets in Resources */,
				83E117EA2A30EA0500A609F7 /* Main.storyboard in Resources */,
			);
			runOnlyForDeploymentPostprocessing = 0;
		};
		83E117F62A30EA0900A609F7 /* Resources */ = {
			isa = PBXResourcesBuildPhase;
			buildActionMask = 2147483647;
			files = (
			);
			runOnlyForDeploymentPostprocessing = 0;
		};
		83E118002A30EA0900A609F7 /* Resources */ = {
			isa = PBXResourcesBuildPhase;
			buildActionMask = 2147483647;
			files = (
			);
			runOnlyForDeploymentPostprocessing = 0;
		};
/* End PBXResourcesBuildPhase section */

/* Begin PBXSourcesBuildPhase section */
		83E117DB2A30EA0500A609F7 /* Sources */ = {
			isa = PBXSourcesBuildPhase;
			buildActionMask = 2147483647;
			files = (
				83E1185D2A32271B00A609F7 /* PersistentStorage.swift in Sources */,
				83E118482A31BE5A00A609F7 /* PlanetResponse.swift in Sources */,
				83E1186A2A322B5000A609F7 /* PlanetsViewControllerExtension.swift in Sources */,
				83E1182F2A31B06500A609F7 /* PlanetViewModel.swift in Sources */,
				83E118592A32261B00A609F7 /* CDPlanetExtension.swift in Sources */,
				83E118562A32254F00A609F7 /* CommonConstants.swift in Sources */,
				83E118522A3223E700A609F7 /* CDPlanet+CoreDataClass.swift in Sources */,
				83E118602A3228BD00A609F7 /* PlanetApiRepository.swift in Sources */,
				83E118532A3223E700A609F7 /* CDPlanet+CoreDataProperties.swift in Sources */,
				83E117E32A30EA0500A609F7 /* AppDelegate.swift in Sources */,
				83E1182C2A31A37200A609F7 /* PlanetRepository.swift in Sources */,
				83E118672A322A9D00A609F7 /* PlanetViewCell.swift in Sources */,
				83E1186E2A322BB400A609F7 /* PlanetsViewController.swift in Sources */,
				83E117E52A30EA0500A609F7 /* SceneDelegate.swift in Sources */,
				83E117ED2A30EA0500A609F7 /* Planets.xcdatamodeld in Sources */,
				83E1185B2A3226FC00A609F7 /* PlanetDataRepository.swift in Sources */,
			);
			runOnlyForDeploymentPostprocessing = 0;
		};
		83E117F42A30EA0900A609F7 /* Sources */ = {
			isa = PBXSourcesBuildPhase;
			buildActionMask = 2147483647;
			files = (
				83E117FD2A30EA0900A609F7 /* PlanetsTests.swift in Sources */,
			);
			runOnlyForDeploymentPostprocessing = 0;
		};
		83E117FE2A30EA0900A609F7 /* Sources */ = {
			isa = PBXSourcesBuildPhase;
			buildActionMask = 2147483647;
			files = (
				83E118092A30EA0900A609F7 /* PlanetsUITestsLaunchTests.swift in Sources */,
				83E118072A30EA0900A609F7 /* PlanetsUITests.swift in Sources */,
			);
			runOnlyForDeploymentPostprocessing = 0;
		};
/* End PBXSourcesBuildPhase section */

/* Begin PBXTargetDependency section */
		83E117FA2A30EA0900A609F7 /* PBXTargetDependency */ = {
			isa = PBXTargetDependency;
			target = 83E117DE2A30EA0500A609F7 /* Planets */;
			targetProxy = 83E117F92A30EA0900A609F7 /* PBXContainerItemProxy */;
		};
		83E118042A30EA0900A609F7 /* PBXTargetDependency */ = {
			isa = PBXTargetDependency;
			target = 83E117DE2A30EA0500A609F7 /* Planets */;
			targetProxy = 83E118032A30EA0900A609F7 /* PBXContainerItemProxy */;
		};
/* End PBXTargetDependency section */

/* Begin PBXVariantGroup section */
		83E117E82A30EA0500A609F7 /* Main.storyboard */ = {
			isa = PBXVariantGroup;
			children = (
				83E117E92A30EA0500A609F7 /* Base */,
			);
			name = Main.storyboard;
			sourceTree = "<group>";
		};
		83E117F02A30EA0800A609F7 /* LaunchScreen.storyboard */ = {
			isa = PBXVariantGroup;
			children = (
				83E117F12A30EA0800A609F7 /* Base */,
			);
			name = LaunchScreen.storyboard;
			sourceTree = "<group>";
		};
/* End PBXVariantGroup section */

/* Begin XCBuildConfiguration section */
		83E1180A2A30EA0900A609F7 /* Debug */ = {
			isa = XCBuildConfiguration;
			buildSettings = {
				ALWAYS_SEARCH_USER_PATHS = NO;
				CLANG_ANALYZER_NONNULL = YES;
				CLANG_ANALYZER_NUMBER_OBJECT_CONVERSION = YES_AGGRESSIVE;
				CLANG_CXX_LANGUAGE_STANDARD = "gnu++20";
				CLANG_ENABLE_MODULES = YES;
				CLANG_ENABLE_OBJC_ARC = YES;
				CLANG_ENABLE_OBJC_WEAK = YES;
				CLANG_WARN_BLOCK_CAPTURE_AUTORELEASING = YES;
				CLANG_WARN_BOOL_CONVERSION = YES;
				CLANG_WARN_COMMA = YES;
				CLANG_WARN_CONSTANT_CONVERSION = YES;
				CLANG_WARN_DEPRECATED_OBJC_IMPLEMENTATIONS = YES;
				CLANG_WARN_DIRECT_OBJC_ISA_USAGE = YES_ERROR;
				CLANG_WARN_DOCUMENTATION_COMMENTS = YES;
				CLANG_WARN_EMPTY_BODY = YES;
				CLANG_WARN_ENUM_CONVERSION = YES;
				CLANG_WARN_INFINITE_RECURSION = YES;
				CLANG_WARN_INT_CONVERSION = YES;
				CLANG_WARN_NON_LITERAL_NULL_CONVERSION = YES;
				CLANG_WARN_OBJC_IMPLICIT_RETAIN_SELF = YES;
				CLANG_WARN_OBJC_LITERAL_CONVERSION = YES;
				CLANG_WARN_OBJC_ROOT_CLASS = YES_ERROR;
				CLANG_WARN_QUOTED_INCLUDE_IN_FRAMEWORK_HEADER = YES;
				CLANG_WARN_RANGE_LOOP_ANALYSIS = YES;
				CLANG_WARN_STRICT_PROTOTYPES = YES;
				CLANG_WARN_SUSPICIOUS_MOVE = YES;
				CLANG_WARN_UNGUARDED_AVAILABILITY = YES_AGGRESSIVE;
				CLANG_WARN_UNREACHABLE_CODE = YES;
				CLANG_WARN__DUPLICATE_METHOD_MATCH = YES;
				COPY_PHASE_STRIP = NO;
				DEBUG_INFORMATION_FORMAT = dwarf;
				ENABLE_STRICT_OBJC_MSGSEND = YES;
				ENABLE_TESTABILITY = YES;
				GCC_C_LANGUAGE_STANDARD = gnu11;
				GCC_DYNAMIC_NO_PIC = NO;
				GCC_NO_COMMON_BLOCKS = YES;
				GCC_OPTIMIZATION_LEVEL = 0;
				GCC_PREPROCESSOR_DEFINITIONS = (
					"DEBUG=1",
					"$(inherited)",
				);
				GCC_WARN_64_TO_32_BIT_CONVERSION = YES;
				GCC_WARN_ABOUT_RETURN_TYPE = YES_ERROR;
				GCC_WARN_UNDECLARED_SELECTOR = YES;
				GCC_WARN_UNINITIALIZED_AUTOS = YES_AGGRESSIVE;
				GCC_WARN_UNUSED_FUNCTION = YES;
				GCC_WARN_UNUSED_VARIABLE = YES;
				IPHONEOS_DEPLOYMENT_TARGET = 16.4;
				MTL_ENABLE_DEBUG_INFO = INCLUDE_SOURCE;
				MTL_FAST_MATH = YES;
				ONLY_ACTIVE_ARCH = YES;
				SDKROOT = iphoneos;
				SWIFT_ACTIVE_COMPILATION_CONDITIONS = DEBUG;
				SWIFT_OPTIMIZATION_LEVEL = "-Onone";
			};
			name = Debug;
		};
		83E1180B2A30EA0900A609F7 /* Release */ = {
			isa = XCBuildConfiguration;
			buildSettings = {
				ALWAYS_SEARCH_USER_PATHS = NO;
				CLANG_ANALYZER_NONNULL = YES;
				CLANG_ANALYZER_NUMBER_OBJECT_CONVERSION = YES_AGGRESSIVE;
				CLANG_CXX_LANGUAGE_STANDARD = "gnu++20";
				CLANG_ENABLE_MODULES = YES;
				CLANG_ENABLE_OBJC_ARC = YES;
				CLANG_ENABLE_OBJC_WEAK = YES;
				CLANG_WARN_BLOCK_CAPTURE_AUTORELEASING = YES;
				CLANG_WARN_BOOL_CONVERSION = YES;
				CLANG_WARN_COMMA = YES;
				CLANG_WARN_CONSTANT_CONVERSION = YES;
				CLANG_WARN_DEPRECATED_OBJC_IMPLEMENTATIONS = YES;
				CLANG_WARN_DIRECT_OBJC_ISA_USAGE = YES_ERROR;
				CLANG_WARN_DOCUMENTATION_COMMENTS = YES;
				CLANG_WARN_EMPTY_BODY = YES;
				CLANG_WARN_ENUM_CONVERSION = YES;
				CLANG_WARN_INFINITE_RECURSION = YES;
				CLANG_WARN_INT_CONVERSION = YES;
				CLANG_WARN_NON_LITERAL_NULL_CONVERSION = YES;
				CLANG_WARN_OBJC_IMPLICIT_RETAIN_SELF = YES;
				CLANG_WARN_OBJC_LITERAL_CONVERSION = YES;
				CLANG_WARN_OBJC_ROOT_CLASS = YES_ERROR;
				CLANG_WARN_QUOTED_INCLUDE_IN_FRAMEWORK_HEADER = YES;
				CLANG_WARN_RANGE_LOOP_ANALYSIS = YES;
				CLANG_WARN_STRICT_PROTOTYPES = YES;
				CLANG_WARN_SUSPICIOUS_MOVE = YES;
				CLANG_WARN_UNGUARDED_AVAILABILITY = YES_AGGRESSIVE;
				CLANG_WARN_UNREACHABLE_CODE = YES;
				CLANG_WARN__DUPLICATE_METHOD_MATCH = YES;
				COPY_PHASE_STRIP = NO;
				DEBUG_INFORMATION_FORMAT = "dwarf-with-dsym";
				ENABLE_NS_ASSERTIONS = NO;
				ENABLE_STRICT_OBJC_MSGSEND = YES;
				GCC_C_LANGUAGE_STANDARD = gnu11;
				GCC_NO_COMMON_BLOCKS = YES;
				GCC_WARN_64_TO_32_BIT_CONVERSION = YES;
				GCC_WARN_ABOUT_RETURN_TYPE = YES_ERROR;
				GCC_WARN_UNDECLARED_SELECTOR = YES;
				GCC_WARN_UNINITIALIZED_AUTOS = YES_AGGRESSIVE;
				GCC_WARN_UNUSED_FUNCTION = YES;
				GCC_WARN_UNUSED_VARIABLE = YES;
				IPHONEOS_DEPLOYMENT_TARGET = 16.4;
				MTL_ENABLE_DEBUG_INFO = NO;
				MTL_FAST_MATH = YES;
				SDKROOT = iphoneos;
				SWIFT_COMPILATION_MODE = wholemodule;
				SWIFT_OPTIMIZATION_LEVEL = "-O";
				VALIDATE_PRODUCT = YES;
			};
			name = Release;
		};
		83E1180D2A30EA0900A609F7 /* Debug */ = {
			isa = XCBuildConfiguration;
			buildSettings = {
				ASSETCATALOG_COMPILER_APPICON_NAME = AppIcon;
				ASSETCATALOG_COMPILER_GLOBAL_ACCENT_COLOR_NAME = AccentColor;
				CODE_SIGN_STYLE = Automatic;
				CURRENT_PROJECT_VERSION = 1;
				DEVELOPMENT_TEAM = UN2J6F2U66;
				GENERATE_INFOPLIST_FILE = YES;
				INFOPLIST_FILE = Planets/Info.plist;
				INFOPLIST_KEY_UIApplicationSupportsIndirectInputEvents = YES;
				INFOPLIST_KEY_UILaunchStoryboardName = LaunchScreen;
				INFOPLIST_KEY_UIMainStoryboardFile = Main;
				INFOPLIST_KEY_UISupportedInterfaceOrientations_iPad = "UIInterfaceOrientationPortrait UIInterfaceOrientationPortraitUpsideDown UIInterfaceOrientationLandscapeLeft UIInterfaceOrientationLandscapeRight";
				INFOPLIST_KEY_UISupportedInterfaceOrientations_iPhone = "UIInterfaceOrientationPortrait UIInterfaceOrientationLandscapeLeft UIInterfaceOrientationLandscapeRight";
				LD_RUNPATH_SEARCH_PATHS = (
					"$(inherited)",
					"@executable_path/Frameworks",
				);
				MARKETING_VERSION = 1.0;
				PRODUCT_BUNDLE_IDENTIFIER = com.accenture.Planets;
				PRODUCT_NAME = "$(TARGET_NAME)";
				SWIFT_EMIT_LOC_STRINGS = YES;
				SWIFT_VERSION = 5.0;
				TARGETED_DEVICE_FAMILY = "1,2";
			};
			name = Debug;
		};
		83E1180E2A30EA0900A609F7 /* Release */ = {
			isa = XCBuildConfiguration;
			buildSettings = {
				ASSETCATALOG_COMPILER_APPICON_NAME = AppIcon;
				ASSETCATALOG_COMPILER_GLOBAL_ACCENT_COLOR_NAME = AccentColor;
				CODE_SIGN_STYLE = Automatic;
				CURRENT_PROJECT_VERSION = 1;
				DEVELOPMENT_TEAM = UN2J6F2U66;
				GENERATE_INFOPLIST_FILE = YES;
				INFOPLIST_FILE = Planets/Info.plist;
				INFOPLIST_KEY_UIApplicationSupportsIndirectInputEvents = YES;
				INFOPLIST_KEY_UILaunchStoryboardName = LaunchScreen;
				INFOPLIST_KEY_UIMainStoryboardFile = Main;
				INFOPLIST_KEY_UISupportedInterfaceOrientations_iPad = "UIInterfaceOrientationPortrait UIInterfaceOrientationPortraitUpsideDown UIInterfaceOrientationLandscapeLeft UIInterfaceOrientationLandscapeRight";
				INFOPLIST_KEY_UISupportedInterfaceOrientations_iPhone = "UIInterfaceOrientationPortrait UIInterfaceOrientationLandscapeLeft UIInterfaceOrientationLandscapeRight";
				LD_RUNPATH_SEARCH_PATHS = (
					"$(inherited)",
					"@executable_path/Frameworks",
				);
				MARKETING_VERSION = 1.0;
				PRODUCT_BUNDLE_IDENTIFIER = com.accenture.Planets;
				PRODUCT_NAME = "$(TARGET_NAME)";
				SWIFT_EMIT_LOC_STRINGS = YES;
				SWIFT_VERSION = 5.0;
				TARGETED_DEVICE_FAMILY = "1,2";
			};
			name = Release;
		};
		83E118102A30EA0900A609F7 /* Debug */ = {
			isa = XCBuildConfiguration;
			buildSettings = {
				ALWAYS_EMBED_SWIFT_STANDARD_LIBRARIES = YES;
				BUNDLE_LOADER = "$(TEST_HOST)";
				CODE_SIGN_STYLE = Automatic;
				CURRENT_PROJECT_VERSION = 1;
				DEVELOPMENT_TEAM = UN2J6F2U66;
				GENERATE_INFOPLIST_FILE = YES;
				IPHONEOS_DEPLOYMENT_TARGET = 16.4;
				MARKETING_VERSION = 1.0;
				PRODUCT_BUNDLE_IDENTIFIER = com.accenture.PlanetsTests;
				PRODUCT_NAME = "$(TARGET_NAME)";
				SWIFT_EMIT_LOC_STRINGS = NO;
				SWIFT_VERSION = 5.0;
				TARGETED_DEVICE_FAMILY = "1,2";
				TEST_HOST = "$(BUILT_PRODUCTS_DIR)/Planets.app/$(BUNDLE_EXECUTABLE_FOLDER_PATH)/Planets";
			};
			name = Debug;
		};
		83E118112A30EA0900A609F7 /* Release */ = {
			isa = XCBuildConfiguration;
			buildSettings = {
				ALWAYS_EMBED_SWIFT_STANDARD_LIBRARIES = YES;
				BUNDLE_LOADER = "$(TEST_HOST)";
				CODE_SIGN_STYLE = Automatic;
				CURRENT_PROJECT_VERSION = 1;
				DEVELOPMENT_TEAM = UN2J6F2U66;
				GENERATE_INFOPLIST_FILE = YES;
				IPHONEOS_DEPLOYMENT_TARGET = 16.4;
				MARKETING_VERSION = 1.0;
				PRODUCT_BUNDLE_IDENTIFIER = com.accenture.PlanetsTests;
				PRODUCT_NAME = "$(TARGET_NAME)";
				SWIFT_EMIT_LOC_STRINGS = NO;
				SWIFT_VERSION = 5.0;
				TARGETED_DEVICE_FAMILY = "1,2";
				TEST_HOST = "$(BUILT_PRODUCTS_DIR)/Planets.app/$(BUNDLE_EXECUTABLE_FOLDER_PATH)/Planets";
			};
			name = Release;
		};
		83E118132A30EA0900A609F7 /* Debug */ = {
			isa = XCBuildConfiguration;
			buildSettings = {
				ALWAYS_EMBED_SWIFT_STANDARD_LIBRARIES = YES;
				CODE_SIGN_STYLE = Automatic;
				CURRENT_PROJECT_VERSION = 1;
				DEVELOPMENT_TEAM = UN2J6F2U66;
				GENERATE_INFOPLIST_FILE = YES;
				MARKETING_VERSION = 1.0;
				PRODUCT_BUNDLE_IDENTIFIER = com.accenture.PlanetsUITests;
				PRODUCT_NAME = "$(TARGET_NAME)";
				SWIFT_EMIT_LOC_STRINGS = NO;
				SWIFT_VERSION = 5.0;
				TARGETED_DEVICE_FAMILY = "1,2";
				TEST_TARGET_NAME = Planets;
			};
			name = Debug;
		};
		83E118142A30EA0900A609F7 /* Release */ = {
			isa = XCBuildConfiguration;
			buildSettings = {
				ALWAYS_EMBED_SWIFT_STANDARD_LIBRARIES = YES;
				CODE_SIGN_STYLE = Automatic;
				CURRENT_PROJECT_VERSION = 1;
				DEVELOPMENT_TEAM = UN2J6F2U66;
				GENERATE_INFOPLIST_FILE = YES;
				MARKETING_VERSION = 1.0;
				PRODUCT_BUNDLE_IDENTIFIER = com.accenture.PlanetsUITests;
				PRODUCT_NAME = "$(TARGET_NAME)";
				SWIFT_EMIT_LOC_STRINGS = NO;
				SWIFT_VERSION = 5.0;
				TARGETED_DEVICE_FAMILY = "1,2";
				TEST_TARGET_NAME = Planets;
			};
			name = Release;
		};
/* End XCBuildConfiguration section */

/* Begin XCConfigurationList section */
		83E117DA2A30EA0500A609F7 /* Build configuration list for PBXProject "Planets" */ = {
			isa = XCConfigurationList;
			buildConfigurations = (
				83E1180A2A30EA0900A609F7 /* Debug */,
				83E1180B2A30EA0900A609F7 /* Release */,
			);
			defaultConfigurationIsVisible = 0;
			defaultConfigurationName = Release;
		};
		83E1180C2A30EA0900A609F7 /* Build configuration list for PBXNativeTarget "Planets" */ = {
			isa = XCConfigurationList;
			buildConfigurations = (
				83E1180D2A30EA0900A609F7 /* Debug */,
				83E1180E2A30EA0900A609F7 /* Release */,
			);
			defaultConfigurationIsVisible = 0;
			defaultConfigurationName = Release;
		};
		83E1180F2A30EA0900A609F7 /* Build configuration list for PBXNativeTarget "PlanetsTests" */ = {
			isa = XCConfigurationList;
			buildConfigurations = (
				83E118102A30EA0900A609F7 /* Debug */,
				83E118112A30EA0900A609F7 /* Release */,
			);
			defaultConfigurationIsVisible = 0;
			defaultConfigurationName = Release;
		};
		83E118122A30EA0900A609F7 /* Build configuration list for PBXNativeTarget "PlanetsUITests" */ = {
			isa = XCConfigurationList;
			buildConfigurations = (
				83E118132A30EA0900A609F7 /* Debug */,
				83E118142A30EA0900A609F7 /* Release */,
			);
			defaultConfigurationIsVisible = 0;
			defaultConfigurationName = Release;
		};
/* End XCConfigurationList section */

/* Begin XCVersionGroup section */
		83E117EB2A30EA0500A609F7 /* Planets.xcdatamodeld */ = {
			isa = XCVersionGroup;
			children = (
				83E117EC2A30EA0500A609F7 /* Planets.xcdatamodel */,
			);
			currentVersion = 83E117EC2A30EA0500A609F7 /* Planets.xcdatamodel */;
			path = Planets.xcdatamodeld;
			sourceTree = "<group>";
			versionGroupType = wrapper.xcdatamodel;
		};
/* End XCVersionGroup section */
	};
	rootObject = 83E117D72A30EA0500A609F7 /* Project object */;
}
